
Microsoft Visual Studio Solution File, Format Version 12.00
# Visual Studio Version 17
VisualStudioVersion = 17.5.33502.453
MinimumVisualStudioVersion = 10.0.40219.1
Project("{FAE04EC0-301F-11D3-BF4B-00C04F79EFBC}") = "FindTeammates.Server.Client", "FindTeammates.Server.Client\FindTeammates.Server.Client.csproj", "{67B79487-F548-4F15-8B43-21963CC7E5E7}"
EndProject
Global
	GlobalSection(SolutionConfigurationPlatforms) = preSolution
		Debug|Any CPU = Debug|Any CPU
		Release|Any CPU = Release|Any CPU
	EndGlobalSection
	GlobalSection(ProjectConfigurationPlatforms) = postSolution
		{67B79487-F548-4F15-8B43-21963CC7E5E7}.Debug|Any CPU.ActiveCfg = Debug|Any CPU
		{67B79487-F548-4F15-8B43-21963CC7E5E7}.Debug|Any CPU.Build.0 = Debug|Any CPU
		{67B79487-F548-4F15-8B43-21963CC7E5E7}.Release|Any CPU.ActiveCfg = Release|Any CPU
		{67B79487-F548-4F15-8B43-21963CC7E5E7}.Release|Any CPU.Build.0 = Release|Any CPU
	EndGlobalSection
	GlobalSection(SolutionProperties) = preSolution
		HideSolutionNode = FALSE
	EndGlobalSection
	GlobalSection(ExtensibilityGlobals) = postSolution
		SolutionGuid = {8045F655-1220-4296-A6FF-6987E5214F43}
	EndGlobalSection
EndGlobal
